
Microsoft Visual Studio Solution File, Format Version 12.00
# Visual Studio Version 16
VisualStudioVersion = 16.0.30503.244
MinimumVisualStudioVersion = 10.0.40219.1
Project("{FAE04EC0-301F-11D3-BF4B-00C04F79EFBC}") = "Lab2Part1", "Lab2Part1.csproj", "{EB06E1B8-A085-456A-9877-01E12EC020F3}"
EndProject
Global
	GlobalSection(SolutionConfigurationPlatforms) = preSolution
		Debug|Any CPU = Debug|Any CPU
		Release|Any CPU = Release|Any CPU
	EndGlobalSection
	GlobalSection(ProjectConfigurationPlatforms) = postSolution
		{EB06E1B8-A085-456A-9877-01E12EC020F3}.Debug|Any CPU.ActiveCfg = Debug|Any CPU
		{EB06E1B8-A085-456A-9877-01E12EC020F3}.Debug|Any CPU.Build.0 = Debug|Any CPU
		{EB06E1B8-A085-456A-9877-01E12EC020F3}.Release|Any CPU.ActiveCfg = Release|Any CPU
		{EB06E1B8-A085-456A-9877-01E12EC020F3}.Release|Any CPU.Build.0 = Release|Any CPU
	EndGlobalSection
	GlobalSection(SolutionProperties) = preSolution
		HideSolutionNode = FALSE
	EndGlobalSection
	GlobalSection(ExtensibilityGlobals) = postSolution
		SolutionGuid = {6F1E2FF0-CE70-44F8-B159-12BF790D8CBF}
	EndGlobalSection
EndGlobal
